
Microsoft Visual Studio Solution File, Format Version 12.00
# Visual Studio Version 17
VisualStudioVersion = 17.5.002.0
MinimumVisualStudioVersion = 10.0.40219.1
Project("{9A19103F-16F7-4668-BE54-9A1E7A4F7556}") = "Personalized Health Profiles", "Personalized Health Profiles.csproj", "{90D933EF-0B5C-4FEB-B435-E4AA0E7494C0}"
EndProject
Global
	GlobalSection(SolutionConfigurationPlatforms) = preSolution
		Debug|Any CPU = Debug|Any CPU
		Release|Any CPU = Release|Any CPU
	EndGlobalSection
	GlobalSection(ProjectConfigurationPlatforms) = postSolution
		{90D933EF-0B5C-4FEB-B435-E4AA0E7494C0}.Debug|Any CPU.ActiveCfg = Debug|Any CPU
		{90D933EF-0B5C-4FEB-B435-E4AA0E7494C0}.Debug|Any CPU.Build.0 = Debug|Any CPU
		{90D933EF-0B5C-4FEB-B435-E4AA0E7494C0}.Release|Any CPU.ActiveCfg = Release|Any CPU
		{90D933EF-0B5C-4FEB-B435-E4AA0E7494C0}.Release|Any CPU.Build.0 = Release|Any CPU
	EndGlobalSection
	GlobalSection(SolutionProperties) = preSolution
		HideSolutionNode = FALSE
	EndGlobalSection
	GlobalSection(ExtensibilityGlobals) = postSolution
		SolutionGuid = {53546035-1F41-4D7B-ACF6-C6C3835BFE01}
	EndGlobalSection
EndGlobal
